
Microsoft Visual Studio Solution File, Format Version 12.00
# Visual Studio Version 17
VisualStudioVersion = 17.8.34330.188
MinimumVisualStudioVersion = 10.0.40219.1
Project("{FAE04EC0-301F-11D3-BF4B-00C04F79EFBC}") = "InterviewExercises", "InterviewExercises.csproj", "{9088221B-309D-49BF-80D8-E0170D99FB91}"
EndProject
Global
	GlobalSection(SolutionConfigurationPlatforms) = preSolution
		Debug|Any CPU = Debug|Any CPU
		Release|Any CPU = Release|Any CPU
	EndGlobalSection
	GlobalSection(ProjectConfigurationPlatforms) = postSolution
		{9088221B-309D-49BF-80D8-E0170D99FB91}.Debug|Any CPU.ActiveCfg = Debug|Any CPU
		{9088221B-309D-49BF-80D8-E0170D99FB91}.Debug|Any CPU.Build.0 = Debug|Any CPU
		{9088221B-309D-49BF-80D8-E0170D99FB91}.Release|Any CPU.ActiveCfg = Release|Any CPU
		{9088221B-309D-49BF-80D8-E0170D99FB91}.Release|Any CPU.Build.0 = Release|Any CPU
	EndGlobalSection
	GlobalSection(SolutionProperties) = preSolution
		HideSolutionNode = FALSE
	EndGlobalSection
	GlobalSection(ExtensibilityGlobals) = postSolution
		SolutionGuid = {C3199F9F-1974-477F-984D-08A60554AB46}
	EndGlobalSection
EndGlobal
