
Microsoft Visual Studio Solution File, Format Version 12.00
# Visual Studio Version 17
VisualStudioVersion = 17.8.34309.116
MinimumVisualStudioVersion = 10.0.40219.1
Project("{FAE04EC0-301F-11D3-BF4B-00C04F79EFBC}") = "LINQ", "LINQ.csproj", "{50281ACA-3554-48AE-B3D5-40D6DA320EB8}"
EndProject
Global
	GlobalSection(SolutionConfigurationPlatforms) = preSolution
		Debug|Any CPU = Debug|Any CPU
		Release|Any CPU = Release|Any CPU
	EndGlobalSection
	GlobalSection(ProjectConfigurationPlatforms) = postSolution
		{50281ACA-3554-48AE-B3D5-40D6DA320EB8}.Debug|Any CPU.ActiveCfg = Debug|Any CPU
		{50281ACA-3554-48AE-B3D5-40D6DA320EB8}.Debug|Any CPU.Build.0 = Debug|Any CPU
		{50281ACA-3554-48AE-B3D5-40D6DA320EB8}.Release|Any CPU.ActiveCfg = Release|Any CPU
		{50281ACA-3554-48AE-B3D5-40D6DA320EB8}.Release|Any CPU.Build.0 = Release|Any CPU
	EndGlobalSection
	GlobalSection(SolutionProperties) = preSolution
		HideSolutionNode = FALSE
	EndGlobalSection
	GlobalSection(ExtensibilityGlobals) = postSolution
		SolutionGuid = {1E7FE2DD-D4DD-4FC7-856C-CC826F9EE040}
	EndGlobalSection
EndGlobal
